
Microsoft Visual Studio Solution File, Format Version 12.00
# Visual Studio Version 17
VisualStudioVersion = 17.0.31919.166
MinimumVisualStudioVersion = 10.0.40219.1
Project("{FAE04EC0-301F-11D3-BF4B-00C04F79EFBC}") = "myMLApp", "myMLApp.csproj", "{BF2AF5FB-C998-4250-AF6C-E592AE56B9E5}"
EndProject
Global
	GlobalSection(SolutionConfigurationPlatforms) = preSolution
		Debug|Any CPU = Debug|Any CPU
		Release|Any CPU = Release|Any CPU
	EndGlobalSection
	GlobalSection(ProjectConfigurationPlatforms) = postSolution
		{BF2AF5FB-C998-4250-AF6C-E592AE56B9E5}.Debug|Any CPU.ActiveCfg = Debug|Any CPU
		{BF2AF5FB-C998-4250-AF6C-E592AE56B9E5}.Debug|Any CPU.Build.0 = Debug|Any CPU
		{BF2AF5FB-C998-4250-AF6C-E592AE56B9E5}.Release|Any CPU.ActiveCfg = Release|Any CPU
		{BF2AF5FB-C998-4250-AF6C-E592AE56B9E5}.Release|Any CPU.Build.0 = Release|Any CPU
	EndGlobalSection
	GlobalSection(SolutionProperties) = preSolution
		HideSolutionNode = FALSE
	EndGlobalSection
	GlobalSection(ExtensibilityGlobals) = postSolution
		SolutionGuid = {5AEF4B1D-8DA5-4B3B-AA51-030EFFE9613F}
	EndGlobalSection
EndGlobal
